# DO NOT EDIT MANUALLY - Managed by Fern Replay
version: "1.0"
generations:
  - commit_sha: f4111ed85a3d5a89da5393755395e836798d2ac1
    tree_hash: 5ff382ac6fc25df38f66bcc5c9c846e031c49022
    timestamp: 2026-05-23T06:37:36.851Z
    cli_version: unknown
    generator_versions: {}
current_generation: f4111ed85a3d5a89da5393755395e836798d2ac1
patches: []
